
Microsoft Visual Studio Solution File, Format Version 12.00
# Visual Studio 2012
Project("{E24C65DC-7377-472B-9ABA-BC803B73C61A}") = "VIF(1)", "http://localhost:1256", "{B4F979B5-32C2-47E4-9757-6CB50C748E1E}"
	ProjectSection(WebsiteProperties) = preProject
		UseIISExpress = "true"
		TargetFrameworkMoniker = ".NETFramework,Version%3Dv4.5"
		Debug.AspNetCompiler.VirtualPath = "/localhost_1256"
		Debug.AspNetCompiler.PhysicalPath = "e:\VIF\"
		Debug.AspNetCompiler.TargetPath = "PrecompiledWeb\localhost_1256\"
		Debug.AspNetCompiler.Updateable = "true"
		Debug.AspNetCompiler.ForceOverwrite = "true"
		Debug.AspNetCompiler.FixedNames = "false"
		Debug.AspNetCompiler.Debug = "True"
		Release.AspNetCompiler.VirtualPath = "/localhost_1256"
		Release.AspNetCompiler.PhysicalPath = "e:\VIF\"
		Release.AspNetCompiler.TargetPath = "PrecompiledWeb\localhost_1256\"
		Release.AspNetCompiler.Updateable = "true"
		Release.AspNetCompiler.ForceOverwrite = "true"
		Release.AspNetCompiler.FixedNames = "false"
		Release.AspNetCompiler.Debug = "False"
		SlnRelativePath = "e:\VIF\"
	EndProjectSection
EndProject
Global
	GlobalSection(SolutionConfigurationPlatforms) = preSolution
		Debug|Any CPU = Debug|Any CPU
	EndGlobalSection
	GlobalSection(ProjectConfigurationPlatforms) = postSolution
		{B4F979B5-32C2-47E4-9757-6CB50C748E1E}.Debug|Any CPU.ActiveCfg = Debug|Any CPU
		{B4F979B5-32C2-47E4-9757-6CB50C748E1E}.Debug|Any CPU.Build.0 = Debug|Any CPU
	EndGlobalSection
	GlobalSection(SolutionProperties) = preSolution
		HideSolutionNode = FALSE
	EndGlobalSection
EndGlobal
